<?xml version="1.0" encoding="utf-8"?>
<Project ToolsVersion="4.0" xmlns="http://schemas.microsoft.com/developer/msbuild/2003">
  <ItemGroup>
    <Filter Include="Source Files">
      <UniqueIdentifier>{4FC737F1-C7A5-4376-A066-2A32D752A2FF}</UniqueIdentifier>
      <Extensions>cpp;c;cc;cxx;def;odl;idl;hpj;bat;asm;asmx</Extensions>
    </Filter>
    <Filter Include="Header Files">
      <UniqueIdentifier>{93995380-89BD-4b04-88EB-625FBE52EBFB}</UniqueIdentifier>
      <Extensions>h;hpp;hxx;hm;inl;inc;xsd</Extensions>
    </Filter>
    <Filter Include="Resource Files">
      <UniqueIdentifier>{67DA6AB6-F800-4c08-8B7A-83BB121AAD01}</UniqueIdentifier>
      <Extensions>rc;ico;cur;bmp;dlg;rc2;rct;bin;rgs;gif;jpg;jpeg;jpe;resx;tiff;tif;png;wav</Extensions>
    </Filter>
    <Filter Include="Blocks">
      <UniqueIdentifier>{C4347E09-81C0-4740-8BEE-37014B1C717A}</UniqueIdentifier>
    </Filter>
    <Filter Include="Blocks\Cinder-Runtime">
      <UniqueIdentifier>{42465A72-FD39-48B4-BF4A-B3D567497411}</UniqueIdentifier>
    </Filter>
    <Filter Include="Blocks\Cinder-Runtime\include">
      <UniqueIdentifier>{A79B7AF7-2276-4003-A537-C82EE695F655}</UniqueIdentifier>
    </Filter>
    <Filter Include="Blocks\Cinder-Runtime\include\runtime">
      <UniqueIdentifier>{36292B63-4D1A-4953-84A8-17B2A5117CA6}</UniqueIdentifier>
    </Filter>
    <Filter Include="Blocks\Cinder-Runtime\src">
      <UniqueIdentifier>{204A6B0E-FF9D-47D1-8CDC-A0FD27FFA521}</UniqueIdentifier>
    </Filter>
    <Filter Include="Blocks\Cinder-Runtime\src\runtime">
      <UniqueIdentifier>{4BED4674-9B97-4243-AF94-BBD882AD18D2}</UniqueIdentifier>
    </Filter>
  </ItemGroup>
  <ItemGroup>
    <ClInclude Include="..\include\Resources.h">
      <Filter>Header Files</Filter>
    </ClInclude>
    <ClInclude Include="..\..\..\include\runtime\App.h">
      <Filter>Blocks\Cinder-Runtime\include\runtime</Filter>
    </ClInclude>
    <ClInclude Include="..\..\..\include\runtime\CompilerBase.h">
      <Filter>Blocks\Cinder-Runtime\include\runtime</Filter>
    </ClInclude>
    <ClInclude Include="..\..\..\include\runtime\Memory.h">
      <Filter>Blocks\Cinder-Runtime\include\runtime</Filter>
    </ClInclude>
    <ClInclude Include="..\..\..\include\runtime\Module.h">
      <Filter>Blocks\Cinder-Runtime\include\runtime</Filter>
    </ClInclude>
    <ClCompile Include="..\..\..\src\runtime\Module.cpp">
      <Filter>Blocks\Cinder-Runtime\src\runtime</Filter>
    </ClCompile>
    <ClCompile Include="..\..\..\src\runtime\CompilerBase.cpp">
      <Filter>Blocks\Cinder-Runtime\src\runtime</Filter>
    </ClCompile>
    <ClCompile Include="..\..\..\src\runtime\Process.cpp">
      <Filter>Blocks\Cinder-Runtime\src\runtime</Filter>
    </ClCompile>
    <ClCompile Include="..\..\..\src\runtime\CompilerMsvc.cpp">
      <Filter>Blocks\Cinder-Runtime\src\runtime</Filter>
    </ClCompile>
    <ClCompile Include="..\..\..\src\runtime\ClassFactory.cpp">
      <Filter>Blocks\Cinder-Runtime\src\runtime</Filter>
    </ClCompile>
    <ClCompile Include="..\..\..\src\runtime\PrecompiledHeader.cpp">
      <Filter>Blocks\Cinder-Runtime\src\runtime</Filter>
    </ClCompile>
    <ClCompile Include="..\src\LiveApp.cpp">
      <Filter>Source Files</Filter>
    </ClCompile>
  </ItemGroup>
  <ItemGroup>
    <ClInclude Include="..\include\Resources.h">
      <Filter>Header Files</Filter>
    </ClInclude>
    <ClInclude Include="..\..\..\include\runtime\Process.h">
      <Filter>Blocks\Cinder-Runtime\include\runtime</Filter>
    </ClInclude>
    <ClInclude Include="..\..\..\include\runtime\CompilerMsvc.h">
      <Filter>Blocks\Cinder-Runtime\include\runtime</Filter>
    </ClInclude>
    <ClInclude Include="..\..\..\include\runtime\PrecompiledHeader.h">
      <Filter>Blocks\Cinder-Runtime\include\runtime</Filter>
    </ClInclude>
    <ClInclude Include="..\..\..\include\runtime\ClassFactory.h">
      <Filter>Blocks\Cinder-Runtime\include\runtime</Filter>
    </ClInclude>
    <ClInclude Include="..\..\..\include\runtime\Virtual.h">
      <Filter>Blocks\Cinder-Runtime\include\runtime</Filter>
    </ClInclude>
    <ClInclude Include="..\..\..\include\runtime\ClassWatcher.h">
      <Filter>Blocks\Cinder-Runtime\include\runtime</Filter>
    </ClInclude>
    <ClInclude Include="..\..\..\include\runtime\make_shared.h">
      <Filter>Blocks\Cinder-Runtime\include\runtime</Filter>
    </ClInclude>
  </ItemGroup>
  <ItemGroup>
    <ResourceCompile Include="Resources.rc">
      <Filter>Resource Files</Filter>
    </ResourceCompile>
  </ItemGroup>
  <ItemGroup>
    <Xml Include="App.xml">
      <Filter>Source Files</Filter>
    </Xml>
  </ItemGroup>
</Project>