<Project ToolsVersion="4.0" xmlns="http://schemas.microsoft.com/developer/msbuild/2003">
  <ItemGroup>
    <Filter Include="Source Files">
      <UniqueIdentifier>{4FC737F1-C7A5-4376-A066-2A32D752A2FF}</UniqueIdentifier>
      <Extensions>cpp;c;cc;cxx;def;odl;idl;hpj;bat;asm;asmx</Extensions>
    </Filter>
    <Filter Include="Header Files">
      <UniqueIdentifier>{93995380-89BD-4b04-88EB-625FBE52EBFB}</UniqueIdentifier>
      <Extensions>h;hpp;hxx;hm;inl;inc;xsd</Extensions>
    </Filter>
    <Filter Include="Resource Files">
      <UniqueIdentifier>{67DA6AB6-F800-4c08-8B7A-83BB121AAD01}</UniqueIdentifier>
      <Extensions>rc;ico;cur;bmp;dlg;rc2;rct;bin;rgs;gif;jpg;jpeg;jpe;resx;tiff;tif;png;wav</Extensions>
    </Filter>
    <Filter Include="Blocks">
      <UniqueIdentifier>{602908DA-D533-420B-B6D4-786F68CE0F99}</UniqueIdentifier>
    </Filter>
    <Filter Include="Blocks\Cinder-Runtime">
      <UniqueIdentifier>{D2BBC3AC-6758-4432-AFC6-29FD09CFA078}</UniqueIdentifier>
    </Filter>
    <Filter Include="Blocks\Cinder-Runtime\include">
      <UniqueIdentifier>{34374BDD-0DD6-4D1C-8FCC-FE106110D5A1}</UniqueIdentifier>
    </Filter>
    <Filter Include="Blocks\Cinder-Runtime\include\runtime">
      <UniqueIdentifier>{4357B8B9-D5C9-4E3B-9E0C-BC7A63281899}</UniqueIdentifier>
    </Filter>
    <Filter Include="Blocks\Cinder-Runtime\src">
      <UniqueIdentifier>{BEE6AD05-4931-4CBE-A812-521EF18C9D44}</UniqueIdentifier>
    </Filter>
    <Filter Include="Blocks\Cinder-Runtime\src\runtime">
      <UniqueIdentifier>{2152B7C9-248A-43DD-A238-DE30DCC19314}</UniqueIdentifier>
    </Filter>
    <Filter Include="Blocks\Watchdog">
      <UniqueIdentifier>{F3720951-ED3C-4179-BB4F-E6F823FB2FEE}</UniqueIdentifier>
    </Filter>
    <Filter Include="Blocks\Watchdog\include">
      <UniqueIdentifier>{DA0AAE64-2457-4E58-BA65-0691E995AAF3}</UniqueIdentifier>
    </Filter>
  </ItemGroup>
  <ItemGroup>
    <ClCompile Include="..\src\RuntimeAppApp.cpp">
      <Filter>Source Files</Filter>
    </ClCompile>
    <ClCompile Include="..\src\RuntimeAppApp.cpp">
      <Filter>Source Files</Filter>
    </ClCompile>
    <ClInclude Include="..\include\Resources.h">
      <Filter>Header Files</Filter>
    </ClInclude>
    <ClInclude Include="..\..\..\include\runtime\App.h">
      <Filter>Blocks\Cinder-Runtime\include\runtime</Filter>
    </ClInclude>
    <ClInclude Include="..\..\..\include\runtime\Compiler.h">
      <Filter>Blocks\Cinder-Runtime\include\runtime</Filter>
    </ClInclude>
    <ClInclude Include="..\..\..\include\runtime\Memory.h">
      <Filter>Blocks\Cinder-Runtime\include\runtime</Filter>
    </ClInclude>
    <ClInclude Include="..\..\..\include\runtime\Module.h">
      <Filter>Blocks\Cinder-Runtime\include\runtime</Filter>
    </ClInclude>
    <ClCompile Include="..\..\..\src\runtime\Compiler.cpp">
      <Filter>Blocks\Cinder-Runtime\src\runtime</Filter>
    </ClCompile>
    <ClCompile Include="..\..\..\src\runtime\Module.cpp">
      <Filter>Blocks\Cinder-Runtime\src\runtime</Filter>
    </ClCompile>
    <ClInclude Include="..\blocks\Watchdog\include\Watchdog.h">
      <Filter>Blocks\Watchdog\include</Filter>
    </ClInclude>
  </ItemGroup>
  <ItemGroup>
    <ClInclude Include="..\include\Resources.h">
      <Filter>Header Files</Filter>
    </ClInclude>
  </ItemGroup>
  <ItemGroup>
    <ResourceCompile Include="Resources.rc">
      <Filter>Resource Files</Filter>
    </ResourceCompile>
  </ItemGroup>
</Project>
