<?xml version="1.0" encoding="utf-8"?>
<Project ToolsVersion="4.0" xmlns="http://schemas.microsoft.com/developer/msbuild/2003">
  <ItemGroup>
    <Filter Include="Source Files">
      <UniqueIdentifier>{4FC737F1-C7A5-4376-A066-2A32D752A2FF}</UniqueIdentifier>
      <Extensions>cpp;c;cc;cxx;def;odl;idl;hpj;bat;asm;asmx</Extensions>
    </Filter>
    <Filter Include="Header Files">
      <UniqueIdentifier>{93995380-89BD-4b04-88EB-625FBE52EBFB}</UniqueIdentifier>
      <Extensions>h;hpp;hxx;hm;inl;inc;xsd</Extensions>
    </Filter>
    <Filter Include="Resource Files">
      <UniqueIdentifier>{67DA6AB6-F800-4c08-8B7A-83BB121AAD01}</UniqueIdentifier>
      <Extensions>rc;ico;cur;bmp;dlg;rc2;rct;bin;rgs;gif;jpg;jpeg;jpe;resx;tiff;tif;png;wav</Extensions>
    </Filter>
    <Filter Include="Blocks">
      <UniqueIdentifier>{3EA83449-61E6-496D-8726-4BA338154B26}</UniqueIdentifier>
    </Filter>
    <Filter Include="Blocks\Cinder-Runtime">
      <UniqueIdentifier>{39495E2A-3412-4166-84E7-0792310DA0D2}</UniqueIdentifier>
    </Filter>
    <Filter Include="Blocks\Cinder-Runtime\include">
      <UniqueIdentifier>{B0E4138B-66DC-4D23-B0F0-C2BDD12B95A2}</UniqueIdentifier>
    </Filter>
    <Filter Include="Blocks\Cinder-Runtime\include\runtime">
      <UniqueIdentifier>{0CF466D3-ABE5-4AA1-B627-21CBB7B40771}</UniqueIdentifier>
    </Filter>
    <Filter Include="Blocks\Cinder-Runtime\src">
      <UniqueIdentifier>{AF91D67B-1634-4699-8A0A-9F8FACC1257F}</UniqueIdentifier>
    </Filter>
    <Filter Include="Blocks\Cinder-Runtime\src\runtime">
      <UniqueIdentifier>{76D85A0F-2F6A-497D-A081-51D9142F29DF}</UniqueIdentifier>
    </Filter>
    <Filter Include="Blocks\Watchdog">
      <UniqueIdentifier>{2EBA7DBA-63CB-48E2-BB6A-13948C99E16C}</UniqueIdentifier>
    </Filter>
    <Filter Include="Blocks\Watchdog\include">
      <UniqueIdentifier>{1131976A-17F7-4BAD-8C41-C2708B533BC6}</UniqueIdentifier>
    </Filter>
  </ItemGroup>
  <ItemGroup>
    <ClCompile Include="..\src\BasicsApp.cpp">
      <Filter>Source Files</Filter>
    </ClCompile>
    <ClCompile Include="..\src\BasicsApp.cpp">
      <Filter>Source Files</Filter>
    </ClCompile>
    <ClInclude Include="..\include\Resources.h">
      <Filter>Header Files</Filter>
    </ClInclude>
    <ClInclude Include="..\..\..\include\runtime\Compiler.h">
      <Filter>Blocks\Cinder-Runtime\include\runtime</Filter>
    </ClInclude>
    <ClInclude Include="..\..\..\include\runtime\Memory.h">
      <Filter>Blocks\Cinder-Runtime\include\runtime</Filter>
    </ClInclude>
    <ClInclude Include="..\..\..\include\runtime\Module.h">
      <Filter>Blocks\Cinder-Runtime\include\runtime</Filter>
    </ClInclude>
    <ClCompile Include="..\..\..\src\runtime\Compiler.cpp">
      <Filter>Blocks\Cinder-Runtime\src\runtime</Filter>
    </ClCompile>
    <ClCompile Include="..\..\..\src\runtime\Module.cpp">
      <Filter>Blocks\Cinder-Runtime\src\runtime</Filter>
    </ClCompile>
    <ClInclude Include="..\blocks\Watchdog\include\Watchdog.h">
      <Filter>Blocks\Watchdog\include</Filter>
    </ClInclude>
    <ClCompile Include="..\src\Test.cpp">
      <Filter>Source Files</Filter>
    </ClCompile>
  </ItemGroup>
  <ItemGroup>
    <ClInclude Include="..\include\Resources.h">
      <Filter>Header Files</Filter>
    </ClInclude>
    <ClInclude Include="..\src\Test.h">
      <Filter>Source Files</Filter>
    </ClInclude>
  </ItemGroup>
  <ItemGroup>
    <ResourceCompile Include="Resources.rc">
      <Filter>Resource Files</Filter>
    </ResourceCompile>
  </ItemGroup>
</Project>